<?xml version="1.0" encoding="utf-8"?>
<Project ToolsVersion="4.0" xmlns="http://schemas.microsoft.com/developer/msbuild/2003">
  <ItemGroup>
    <Filter Include="Source Files">
      <UniqueIdentifier>{4FC737F1-C7A5-4376-A066-2A32D752A2FF}</UniqueIdentifier>
      <Extensions>cpp;c;cc;cxx;def;odl;idl;hpj;bat;asm;asmx</Extensions>
    </Filter>
    <Filter Include="Header Files">
      <UniqueIdentifier>{93995380-89BD-4b04-88EB-625FBE52EBFB}</UniqueIdentifier>
      <Extensions>h;hh;hpp;hxx;hm;inl;inc;xsd</Extensions>
    </Filter>
    <Filter Include="Resource Files">
      <UniqueIdentifier>{67DA6AB6-F800-4c08-8B7A-83BB121AAD01}</UniqueIdentifier>
      <Extensions>rc;ico;cur;bmp;dlg;rc2;rct;bin;rgs;gif;jpg;jpeg;jpe;resx;tiff;tif;png;wav;mfcribbon-ms</Extensions>
    </Filter>
  </ItemGroup>
  <ItemGroup>
    <ClInclude Include="Graphics\Display\Display.h">
      <Filter>Header Files</Filter>
    </ClInclude>
    <ClInclude Include="GameUtil\GameTimer.h">
      <Filter>Header Files</Filter>
    </ClInclude>
    <ClInclude Include="GameUtil\Logger.h">
      <Filter>Header Files</Filter>
    </ClInclude>
    <ClInclude Include="Graphics\renderEngine\Types\PlainModel.h">
      <Filter>Header Files</Filter>
    </ClInclude>
    <ClInclude Include="OpenGL\GL.h">
      <Filter>Header Files</Filter>
    </ClInclude>
    <ClInclude Include="Assets\AssetManeger.h">
      <Filter>Header Files</Filter>
    </ClInclude>
    <ClInclude Include="Assets\FileSystem.h">
      <Filter>Header Files</Filter>
    </ClInclude>
    <ClInclude Include="GameUtil\Exceptions.h">
      <Filter>Header Files</Filter>
    </ClInclude>
    <ClInclude Include="Assets\FileLoader\OBJFile.h">
      <Filter>Header Files</Filter>
    </ClInclude>
    <ClInclude Include="Graphics\renderEngine\GLLoader.h">
      <Filter>Header Files</Filter>
    </ClInclude>
    <ClInclude Include="Duno_CS.h">
      <Filter>Header Files</Filter>
    </ClInclude>
    <ClInclude Include="Assets\FileLoader\ImageFile.h">
      <Filter>Header Files</Filter>
    </ClInclude>
    <ClInclude Include="Assets\FileLoader\stb_image.h">
      <Filter>Header Files</Filter>
    </ClInclude>
    <ClInclude Include="GameUtil\GLExceptions.h">
      <Filter>Header Files</Filter>
    </ClInclude>
    <ClInclude Include="Graphics\renderEngine\GLEntityRenderer.h">
      <Filter>Header Files</Filter>
    </ClInclude>
    <ClInclude Include="Graphics\renderEngine\GLRenderer.h">
      <Filter>Header Files</Filter>
    </ClInclude>
    <ClInclude Include="Graphics\renderEngine\GLShader.h">
      <Filter>Header Files</Filter>
    </ClInclude>
    <ClInclude Include="Graphics\renderEngine\GLTextureLoader.h">
      <Filter>Header Files</Filter>
    </ClInclude>
    <ClInclude Include="Graphics\renderEngine\Types\GLTexture.h">
      <Filter>Header Files</Filter>
    </ClInclude>
  </ItemGroup>
  <ItemGroup>
    <ClCompile Include="Graphics\Display\Display.cpp">
      <Filter>Source Files</Filter>
    </ClCompile>
    <ClCompile Include="TESTING\MainTest.cpp">
      <Filter>Source Files</Filter>
    </ClCompile>
    <ClCompile Include="GameUtil\GameTimer.cpp">
      <Filter>Source Files</Filter>
    </ClCompile>
    <ClCompile Include="GameUtil\Logger.cpp">
      <Filter>Source Files</Filter>
    </ClCompile>
    <ClCompile Include="Graphics\renderEngine\Types\PlainModel.cpp">
      <Filter>Source Files</Filter>
    </ClCompile>
    <ClCompile Include="Assets\FileSystem.cpp">
      <Filter>Source Files</Filter>
    </ClCompile>
    <ClCompile Include="GameUtil\Exceptions.cpp">
      <Filter>Source Files</Filter>
    </ClCompile>
    <ClCompile Include="Assets\FileLoader\OBJFile.cpp">
      <Filter>Source Files</Filter>
    </ClCompile>
    <ClCompile Include="Graphics\renderEngine\GLLoader.cpp">
      <Filter>Source Files</Filter>
    </ClCompile>
    <ClCompile Include="Assets\AssetManeger.cpp">
      <Filter>Source Files</Filter>
    </ClCompile>
    <ClCompile Include="Duno_CS.cpp">
      <Filter>Source Files</Filter>
    </ClCompile>
    <ClCompile Include="Assets\FileLoader\ImageFile.cpp">
      <Filter>Source Files</Filter>
    </ClCompile>
    <ClCompile Include="Assets\FileLoader\stb_image.cpp">
      <Filter>Source Files</Filter>
    </ClCompile>
    <ClCompile Include="Graphics\renderEngine\GLRenderer.cpp">
      <Filter>Source Files</Filter>
    </ClCompile>
    <ClCompile Include="Graphics\renderEngine\GLShader.cpp">
      <Filter>Source Files</Filter>
    </ClCompile>
    <ClCompile Include="Graphics\renderEngine\GLTextureLoader.cpp">
      <Filter>Source Files</Filter>
    </ClCompile>
    <ClCompile Include="Graphics\renderEngine\Types\GLTexture.cpp">
      <Filter>Source Files</Filter>
    </ClCompile>
    <ClCompile Include="Graphics\renderEngine\GLEntityRenderer.cpp">
      <Filter>Source Files</Filter>
    </ClCompile>
  </ItemGroup>
  <ItemGroup>
    <None Include="packages.config" />
  </ItemGroup>
</Project>